<?xml version="1.0" encoding="UTF-8" standalone="yes" ?>
<CodeBlocks_project_file>
	<FileVersion major="1" minor="6" />
	<Project>
		<Option title="zeromq_server" />
		<Option pch_mode="2" />
		<Option compiler="cygwin" />
		<Build>
			<Target title="Debug">
				<Option output="bin/Debug/zeromq_server" prefix_auto="1" extension_auto="1" />
				<Option object_output="obj/Debug/" />
				<Option type="1" />
				<Option compiler="cygwin" />
				<Compiler>
					<Add option="-g" />
				</Compiler>
			</Target>
			<Target title="Release">
				<Option output="bin/Release/zeromq_server" prefix_auto="1" extension_auto="1" />
				<Option object_output="obj/Release/" />
				<Option type="1" />
				<Option compiler="cygwin" />
				<Compiler>
					<Add option="-O2" />
				</Compiler>
				<Linker>
					<Add option="-s" />
				</Linker>
			</Target>
		</Build>
		<Compiler>
			<Add option="-Wall" />
			<Add option="-DZMQ_STATIC" />
			<Add option="-DDEF_SIM" />
			<Add directory="../zeromq" />
			<Add directory="../fw/thirdparty/RTOS/freertos/FreeRTOSV10.0.0/Source/include" />
			<Add directory="../fw/config" />
			<Add directory="../fw/src" />
			<Add directory="FreeRTOS/portable" />
		</Compiler>
		<Linker>
			<Add library="zmq" />
			<Add library="winmm" />
			<Add library="ws2_32" />
			<Add directory="C:/ZeroMQ/lib" />
		</Linker>
		<Unit filename="../fw/config/FreeRTOSConfig.h" />
		<Unit filename="../fw/src/defines.h" />
		<Unit filename="../fw/thirdparty/RTOS/freertos/FreeRTOSV10.0.0/Source/croutine.c">
			<Option compilerVar="CC" />
		</Unit>
		<Unit filename="../fw/thirdparty/RTOS/freertos/FreeRTOSV10.0.0/Source/event_groups.c">
			<Option compilerVar="CC" />
		</Unit>
		<Unit filename="../fw/thirdparty/RTOS/freertos/FreeRTOSV10.0.0/Source/include/FreeRTOS.h" />
		<Unit filename="../fw/thirdparty/RTOS/freertos/FreeRTOSV10.0.0/Source/include/StackMacros.h" />
		<Unit filename="../fw/thirdparty/RTOS/freertos/FreeRTOSV10.0.0/Source/include/croutine.h" />
		<Unit filename="../fw/thirdparty/RTOS/freertos/FreeRTOSV10.0.0/Source/include/deprecated_definitions.h" />
		<Unit filename="../fw/thirdparty/RTOS/freertos/FreeRTOSV10.0.0/Source/include/event_groups.h" />
		<Unit filename="../fw/thirdparty/RTOS/freertos/FreeRTOSV10.0.0/Source/include/list.h" />
		<Unit filename="../fw/thirdparty/RTOS/freertos/FreeRTOSV10.0.0/Source/include/message_buffer.h" />
		<Unit filename="../fw/thirdparty/RTOS/freertos/FreeRTOSV10.0.0/Source/include/mpu_wrappers.h" />
		<Unit filename="../fw/thirdparty/RTOS/freertos/FreeRTOSV10.0.0/Source/include/portable.h" />
		<Unit filename="../fw/thirdparty/RTOS/freertos/FreeRTOSV10.0.0/Source/include/projdefs.h" />
		<Unit filename="../fw/thirdparty/RTOS/freertos/FreeRTOSV10.0.0/Source/include/queue.h" />
		<Unit filename="../fw/thirdparty/RTOS/freertos/FreeRTOSV10.0.0/Source/include/semphr.h" />
		<Unit filename="../fw/thirdparty/RTOS/freertos/FreeRTOSV10.0.0/Source/include/stack_macros.h" />
		<Unit filename="../fw/thirdparty/RTOS/freertos/FreeRTOSV10.0.0/Source/include/stdint.readme" />
		<Unit filename="../fw/thirdparty/RTOS/freertos/FreeRTOSV10.0.0/Source/include/stream_buffer.h" />
		<Unit filename="../fw/thirdparty/RTOS/freertos/FreeRTOSV10.0.0/Source/include/task.h" />
		<Unit filename="../fw/thirdparty/RTOS/freertos/FreeRTOSV10.0.0/Source/include/timers.h" />
		<Unit filename="../fw/thirdparty/RTOS/freertos/FreeRTOSV10.0.0/Source/list.c">
			<Option compilerVar="CC" />
		</Unit>
		<Unit filename="../fw/thirdparty/RTOS/freertos/FreeRTOSV10.0.0/Source/queue.c">
			<Option compilerVar="CC" />
		</Unit>
		<Unit filename="../fw/thirdparty/RTOS/freertos/FreeRTOSV10.0.0/Source/readme.txt" />
		<Unit filename="../fw/thirdparty/RTOS/freertos/FreeRTOSV10.0.0/Source/stream_buffer.c">
			<Option compilerVar="CC" />
		</Unit>
		<Unit filename="../fw/thirdparty/RTOS/freertos/FreeRTOSV10.0.0/Source/tasks.c">
			<Option compilerVar="CC" />
		</Unit>
		<Unit filename="../fw/thirdparty/RTOS/freertos/FreeRTOSV10.0.0/Source/timers.c">
			<Option compilerVar="CC" />
		</Unit>
		<Unit filename="FreeRTOS/MemMang/heap_3.c">
			<Option compilerVar="CC" />
		</Unit>
		<Unit filename="FreeRTOS/portable/port.c">
			<Option compilerVar="CC" />
		</Unit>
		<Unit filename="FreeRTOS/portable/portmacro.h" />
		<Unit filename="main.c">
			<Option compilerVar="CC" />
		</Unit>
		<Extensions>
			<lib_finder disable_auto="1" />
		</Extensions>
	</Project>
</CodeBlocks_project_file>
